// !$*UTF8*$!
{
	archiveVersion = 1;
	classes = {
	};
	objectVersion = 46;
	objects = {

/* Begin PBXBuildFile section */
		8603B6141D28792700DCDB09 /* Deck.m in Sources */ = {isa = PBXBuildFile; fileRef = 8603B60F1D28792700DCDB09 /* Deck.m */; };
		8603B6151D28792700DCDB09 /* PlayingCard.m in Sources */ = {isa = PBXBuildFile; fileRef = 8603B6111D28792700DCDB09 /* PlayingCard.m */; };
		8603B6161D28792700DCDB09 /* PlayingCardDeck.m in Sources */ = {isa = PBXBuildFile; fileRef = 8603B6131D28792700DCDB09 /* PlayingCardDeck.m */; };
		861DFDF41D2714AF00941F66 /* main.m in Sources */ = {isa = PBXBuildFile; fileRef = 861DFDF31D2714AF00941F66 /* main.m */; };
		861DFDF71D2714AF00941F66 /* AppDelegate.m in Sources */ = {isa = PBXBuildFile; fileRef = 861DFDF61D2714AF00941F66 /* AppDelegate.m */; };
		861DFDFA1D2714AF00941F66 /* CardGameViewController.m in Sources */ = {isa = PBXBuildFile; fileRef = 861DFDF91D2714AF00941F66 /* CardGameViewController.m */; };
		861DFDFD1D2714AF00941F66 /* Main.storyboard in Resources */ = {isa = PBXBuildFile; fileRef = 861DFDFB1D2714AF00941F66 /* Main.storyboard */; };
		861DFDFF1D2714AF00941F66 /* Assets.xcassets in Resources */ = {isa = PBXBuildFile; fileRef = 861DFDFE1D2714AF00941F66 /* Assets.xcassets */; };
		861DFE021D2714AF00941F66 /* LaunchScreen.storyboard in Resources */ = {isa = PBXBuildFile; fileRef = 861DFE001D2714AF00941F66 /* LaunchScreen.storyboard */; };
		865670741D29B2D2008F13C0 /* CardMatchingGame.m in Sources */ = {isa = PBXBuildFile; fileRef = 865670731D29B2D2008F13C0 /* CardMatchingGame.m */; };
		86A44A101D271EEB00ADD628 /* Card.m in Sources */ = {isa = PBXBuildFile; fileRef = 86A44A0F1D271EEB00ADD628 /* Card.m */; };
		86C601221D2DA9D800A362E5 /* PlayingCardGameViewController.m in Sources */ = {isa = PBXBuildFile; fileRef = 86C601211D2DA9D800A362E5 /* PlayingCardGameViewController.m */; };
/* End PBXBuildFile section */

/* Begin PBXFileReference section */
		8603B60E1D28792700DCDB09 /* Deck.h */ = {isa = PBXFileReference; fileEncoding = 4; lastKnownFileType = sourcecode.c.h; name = Deck.h; path = ../../matchismo/Matchismo/Model/Deck.h; sourceTree = "<group>"; };
		8603B60F1D28792700DCDB09 /* Deck.m */ = {isa = PBXFileReference; fileEncoding = 4; lastKnownFileType = sourcecode.c.objc; name = Deck.m; path = ../../matchismo/Matchismo/Model/Deck.m; sourceTree = "<group>"; };
		8603B6101D28792700DCDB09 /* PlayingCard.h */ = {isa = PBXFileReference; fileEncoding = 4; lastKnownFileType = sourcecode.c.h; name = PlayingCard.h; path = ../../matchismo/Matchismo/Model/PlayingCard.h; sourceTree = "<group>"; };
		8603B6111D28792700DCDB09 /* PlayingCard.m */ = {isa = PBXFileReference; fileEncoding = 4; lastKnownFileType = sourcecode.c.objc; name = PlayingCard.m; path = ../../matchismo/Matchismo/Model/PlayingCard.m; sourceTree = "<group>"; };
		8603B6121D28792700DCDB09 /* PlayingCardDeck.h */ = {isa = PBXFileReference; fileEncoding = 4; lastKnownFileType = sourcecode.c.h; name = PlayingCardDeck.h; path = ../../matchismo/Matchismo/Model/PlayingCardDeck.h; sourceTree = "<group>"; };
		8603B6131D28792700DCDB09 /* PlayingCardDeck.m */ = {isa = PBXFileReference; fileEncoding = 4; lastKnownFileType = sourcecode.c.objc; name = PlayingCardDeck.m; path = ../../matchismo/Matchismo/Model/PlayingCardDeck.m; sourceTree = "<group>"; };
		861DFDEF1D2714AF00941F66 /* Matchismo.app */ = {isa = PBXFileReference; explicitFileType = wrapper.application; includeInIndex = 0; path = Matchismo.app; sourceTree = BUILT_PRODUCTS_DIR; };
		861DFDF31D2714AF00941F66 /* main.m */ = {isa = PBXFileReference; lastKnownFileType = sourcecode.c.objc; path = main.m; sourceTree = "<group>"; };
		861DFDF51D2714AF00941F66 /* AppDelegate.h */ = {isa = PBXFileReference; lastKnownFileType = sourcecode.c.h; path = AppDelegate.h; sourceTree = "<group>"; };
		861DFDF61D2714AF00941F66 /* AppDelegate.m */ = {isa = PBXFileReference; lastKnownFileType = sourcecode.c.objc; path = AppDelegate.m; sourceTree = "<group>"; };
		861DFDF81D2714AF00941F66 /* CardGameViewController.h */ = {isa = PBXFileReference; lastKnownFileType = sourcecode.c.h; path = CardGameViewController.h; sourceTree = "<group>"; };
		861DFDF91D2714AF00941F66 /* CardGameViewController.m */ = {isa = PBXFileReference; lastKnownFileType = sourcecode.c.objc; path = CardGameViewController.m; sourceTree = "<group>"; };
		861DFDFC1D2714AF00941F66 /* Base */ = {isa = PBXFileReference; lastKnownFileType = file.storyboard; name = Base; path = Base.lproj/Main.storyboard; sourceTree = "<group>"; };
		861DFDFE1D2714AF00941F66 /* Assets.xcassets */ = {isa = PBXFileReference; lastKnownFileType = folder.assetcatalog; path = Assets.xcassets; sourceTree = "<group>"; };
		861DFE011D2714AF00941F66 /* Base */ = {isa = PBXFileReference; lastKnownFileType = file.storyboard; name = Base; path = Base.lproj/LaunchScreen.storyboard; sourceTree = "<group>"; };
		861DFE031D2714AF00941F66 /* Info.plist */ = {isa = PBXFileReference; lastKnownFileType = text.plist.xml; path = Info.plist; sourceTree = "<group>"; };
		865670721D29B2D2008F13C0 /* CardMatchingGame.h */ = {isa = PBXFileReference; fileEncoding = 4; lastKnownFileType = sourcecode.c.h; name = CardMatchingGame.h; path = Model/CardMatchingGame.h; sourceTree = "<group>"; };
		865670731D29B2D2008F13C0 /* CardMatchingGame.m */ = {isa = PBXFileReference; fileEncoding = 4; lastKnownFileType = sourcecode.c.objc; name = CardMatchingGame.m; path = Model/CardMatchingGame.m; sourceTree = "<group>"; };
		86A44A0E1D271EEB00ADD628 /* Card.h */ = {isa = PBXFileReference; fileEncoding = 4; lastKnownFileType = sourcecode.c.h; name = Card.h; path = Model/Card.h; sourceTree = "<group>"; };
		86A44A0F1D271EEB00ADD628 /* Card.m */ = {isa = PBXFileReference; fileEncoding = 4; lastKnownFileType = sourcecode.c.objc; name = Card.m; path = Model/Card.m; sourceTree = "<group>"; };
		86C601201D2DA9D800A362E5 /* PlayingCardGameViewController.h */ = {isa = PBXFileReference; fileEncoding = 4; lastKnownFileType = sourcecode.c.h; path = PlayingCardGameViewController.h; sourceTree = "<group>"; };
		86C601211D2DA9D800A362E5 /* PlayingCardGameViewController.m */ = {isa = PBXFileReference; fileEncoding = 4; lastKnownFileType = sourcecode.c.objc; path = PlayingCardGameViewController.m; sourceTree = "<group>"; };
/* End PBXFileReference section */

/* Begin PBXFrameworksBuildPhase section */
		861DFDEC1D2714AF00941F66 /* Frameworks */ = {
			isa = PBXFrameworksBuildPhase;
			buildActionMask = 2147483647;
			files = (
			);
			runOnlyForDeploymentPostprocessing = 0;
		};
/* End PBXFrameworksBuildPhase section */

/* Begin PBXGroup section */
		861DFDE61D2714AF00941F66 = {
			isa = PBXGroup;
			children = (
				861DFDF11D2714AF00941F66 /* Matchismo */,
				861DFDF01D2714AF00941F66 /* Products */,
			);
			sourceTree = "<group>";
		};
		861DFDF01D2714AF00941F66 /* Products */ = {
			isa = PBXGroup;
			children = (
				861DFDEF1D2714AF00941F66 /* Matchismo.app */,
			);
			name = Products;
			sourceTree = "<group>";
		};
		861DFDF11D2714AF00941F66 /* Matchismo */ = {
			isa = PBXGroup;
			children = (
				861DFE0B1D271D0500941F66 /* Model */,
				861DFDF81D2714AF00941F66 /* CardGameViewController.h */,
				861DFDF91D2714AF00941F66 /* CardGameViewController.m */,
				86C601201D2DA9D800A362E5 /* PlayingCardGameViewController.h */,
				86C601211D2DA9D800A362E5 /* PlayingCardGameViewController.m */,
				861DFDFB1D2714AF00941F66 /* Main.storyboard */,
				861DFDFE1D2714AF00941F66 /* Assets.xcassets */,
				861DFE001D2714AF00941F66 /* LaunchScreen.storyboard */,
				861DFE031D2714AF00941F66 /* Info.plist */,
				861DFDF21D2714AF00941F66 /* Supporting Files */,
			);
			path = Matchismo;
			sourceTree = "<group>";
		};
		861DFDF21D2714AF00941F66 /* Supporting Files */ = {
			isa = PBXGroup;
			children = (
				861DFDF51D2714AF00941F66 /* AppDelegate.h */,
				861DFDF61D2714AF00941F66 /* AppDelegate.m */,
				861DFDF31D2714AF00941F66 /* main.m */,
			);
			name = "Supporting Files";
			sourceTree = "<group>";
		};
		861DFE0B1D271D0500941F66 /* Model */ = {
			isa = PBXGroup;
			children = (
				8603B60E1D28792700DCDB09 /* Deck.h */,
				8603B60F1D28792700DCDB09 /* Deck.m */,
				8603B6101D28792700DCDB09 /* PlayingCard.h */,
				8603B6111D28792700DCDB09 /* PlayingCard.m */,
				8603B6121D28792700DCDB09 /* PlayingCardDeck.h */,
				8603B6131D28792700DCDB09 /* PlayingCardDeck.m */,
				86A44A0E1D271EEB00ADD628 /* Card.h */,
				86A44A0F1D271EEB00ADD628 /* Card.m */,
				865670721D29B2D2008F13C0 /* CardMatchingGame.h */,
				865670731D29B2D2008F13C0 /* CardMatchingGame.m */,
			);
			name = Model;
			sourceTree = "<group>";
		};
/* End PBXGroup section */

/* Begin PBXNativeTarget section */
		861DFDEE1D2714AF00941F66 /* Matchismo */ = {
			isa = PBXNativeTarget;
			buildConfigurationList = 861DFE061D2714AF00941F66 /* Build configuration list for PBXNativeTarget "Matchismo" */;
			buildPhases = (
				861DFDEB1D2714AF00941F66 /* Sources */,
				861DFDEC1D2714AF00941F66 /* Frameworks */,
				861DFDED1D2714AF00941F66 /* Resources */,
			);
			buildRules = (
			);
			dependencies = (
			);
			name = Matchismo;
			productName = Matchismo;
			productReference = 861DFDEF1D2714AF00941F66 /* Matchismo.app */;
			productType = "com.apple.product-type.application";
		};
/* End PBXNativeTarget section */

/* Begin PBXProject section */
		861DFDE71D2714AF00941F66 /* Project object */ = {
			isa = PBXProject;
			attributes = {
				LastUpgradeCheck = 0730;
				ORGANIZATIONNAME = "Horia Jurcut";
				TargetAttributes = {
					861DFDEE1D2714AF00941F66 = {
						CreatedOnToolsVersion = 7.3.1;
					};
				};
			};
			buildConfigurationList = 861DFDEA1D2714AF00941F66 /* Build configuration list for PBXProject "Matchismo" */;
			compatibilityVersion = "Xcode 3.2";
			developmentRegion = English;
			hasScannedForEncodings = 0;
			knownRegions = (
				en,
				Base,
			);
			mainGroup = 861DFDE61D2714AF00941F66;
			productRefGroup = 861DFDF01D2714AF00941F66 /* Products */;
			projectDirPath = "";
			projectRoot = "";
			targets = (
				861DFDEE1D2714AF00941F66 /* Matchismo */,
			);
		};
/* End PBXProject section */

/* Begin PBXResourcesBuildPhase section */
		861DFDED1D2714AF00941F66 /* Resources */ = {
			isa = PBXResourcesBuildPhase;
			buildActionMask = 2147483647;
			files = (
				861DFE021D2714AF00941F66 /* LaunchScreen.storyboard in Resources */,
				861DFDFF1D2714AF00941F66 /* Assets.xcassets in Resources */,
				861DFDFD1D2714AF00941F66 /* Main.storyboard in Resources */,
			);
			runOnlyForDeploymentPostprocessing = 0;
		};
/* End PBXResourcesBuildPhase section */

/* Begin PBXSourcesBuildPhase section */
		861DFDEB1D2714AF00941F66 /* Sources */ = {
			isa = PBXSourcesBuildPhase;
			buildActionMask = 2147483647;
			files = (
				8603B6151D28792700DCDB09 /* PlayingCard.m in Sources */,
				8603B6141D28792700DCDB09 /* Deck.m in Sources */,
				861DFDFA1D2714AF00941F66 /* CardGameViewController.m in Sources */,
				861DFDF71D2714AF00941F66 /* AppDelegate.m in Sources */,
				865670741D29B2D2008F13C0 /* CardMatchingGame.m in Sources */,
				8603B6161D28792700DCDB09 /* PlayingCardDeck.m in Sources */,
				861DFDF41D2714AF00941F66 /* main.m in Sources */,
				86A44A101D271EEB00ADD628 /* Card.m in Sources */,
				86C601221D2DA9D800A362E5 /* PlayingCardGameViewController.m in Sources */,
			);
			runOnlyForDeploymentPostprocessing = 0;
		};
/* End PBXSourcesBuildPhase section */

/* Begin PBXVariantGroup section */
		861DFDFB1D2714AF00941F66 /* Main.storyboard */ = {
			isa = PBXVariantGroup;
			children = (
				861DFDFC1D2714AF00941F66 /* Base */,
			);
			name = Main.storyboard;
			sourceTree = "<group>";
		};
		861DFE001D2714AF00941F66 /* LaunchScreen.storyboard */ = {
			isa = PBXVariantGroup;
			children = (
				861DFE011D2714AF00941F66 /* Base */,
			);
			name = LaunchScreen.storyboard;
			sourceTree = "<group>";
		};
/* End PBXVariantGroup section */

/* Begin XCBuildConfiguration section */
		861DFE041D2714AF00941F66 /* Debug */ = {
			isa = XCBuildConfiguration;
			buildSettings = {
				ALWAYS_SEARCH_USER_PATHS = NO;
				CLANG_ANALYZER_NONNULL = YES;
				CLANG_CXX_LANGUAGE_STANDARD = "gnu++0x";
				CLANG_CXX_LIBRARY = "libc++";
				CLANG_ENABLE_MODULES = YES;
				CLANG_ENABLE_OBJC_ARC = YES;
				CLANG_WARN_BOOL_CONVERSION = YES;
				CLANG_WARN_CONSTANT_CONVERSION = YES;
				CLANG_WARN_DIRECT_OBJC_ISA_USAGE = YES_ERROR;
				CLANG_WARN_EMPTY_BODY = YES;
				CLANG_WARN_ENUM_CONVERSION = YES;
				CLANG_WARN_INT_CONVERSION = YES;
				CLANG_WARN_OBJC_ROOT_CLASS = YES_ERROR;
				CLANG_WARN_UNREACHABLE_CODE = YES;
				CLANG_WARN__DUPLICATE_METHOD_MATCH = YES;
				"CODE_SIGN_IDENTITY[sdk=iphoneos*]" = "iPhone Developer";
				COPY_PHASE_STRIP = NO;
				DEBUG_INFORMATION_FORMAT = dwarf;
				ENABLE_STRICT_OBJC_MSGSEND = YES;
				ENABLE_TESTABILITY = YES;
				GCC_C_LANGUAGE_STANDARD = gnu99;
				GCC_DYNAMIC_NO_PIC = NO;
				GCC_NO_COMMON_BLOCKS = YES;
				GCC_OPTIMIZATION_LEVEL = 0;
				GCC_PREPROCESSOR_DEFINITIONS = (
					"DEBUG=1",
					"$(inherited)",
				);
				GCC_WARN_64_TO_32_BIT_CONVERSION = YES;
				GCC_WARN_ABOUT_RETURN_TYPE = YES_ERROR;
				GCC_WARN_UNDECLARED_SELECTOR = YES;
				GCC_WARN_UNINITIALIZED_AUTOS = YES_AGGRESSIVE;
				GCC_WARN_UNUSED_FUNCTION = YES;
				GCC_WARN_UNUSED_VARIABLE = YES;
				IPHONEOS_DEPLOYMENT_TARGET = 9.3;
				MTL_ENABLE_DEBUG_INFO = YES;
				ONLY_ACTIVE_ARCH = YES;
				SDKROOT = iphoneos;
			};
			name = Debug;
		};
		861DFE051D2714AF00941F66 /* Release */ = {
			isa = XCBuildConfiguration;
			buildSettings = {
				ALWAYS_SEARCH_USER_PATHS = NO;
				CLANG_ANALYZER_NONNULL = YES;
				CLANG_CXX_LANGUAGE_STANDARD = "gnu++0x";
				CLANG_CXX_LIBRARY = "libc++";
				CLANG_ENABLE_MODULES = YES;
				CLANG_ENABLE_OBJC_ARC = YES;
				CLANG_WARN_BOOL_CONVERSION = YES;
				CLANG_WARN_CONSTANT_CONVERSION = YES;
				CLANG_WARN_DIRECT_OBJC_ISA_USAGE = YES_ERROR;
				CLANG_WARN_EMPTY_BODY = YES;
				CLANG_WARN_ENUM_CONVERSION = YES;
				CLANG_WARN_INT_CONVERSION = YES;
				CLANG_WARN_OBJC_ROOT_CLASS = YES_ERROR;
				CLANG_WARN_UNREACHABLE_CODE = YES;
				CLANG_WARN__DUPLICATE_METHOD_MATCH = YES;
				"CODE_SIGN_IDENTITY[sdk=iphoneos*]" = "iPhone Developer";
				COPY_PHASE_STRIP = NO;
				DEBUG_INFORMATION_FORMAT = "dwarf-with-dsym";
				ENABLE_NS_ASSERTIONS = NO;
				ENABLE_STRICT_OBJC_MSGSEND = YES;
				GCC_C_LANGUAGE_STANDARD = gnu99;
				GCC_NO_COMMON_BLOCKS = YES;
				GCC_WARN_64_TO_32_BIT_CONVERSION = YES;
				GCC_WARN_ABOUT_RETURN_TYPE = YES_ERROR;
				GCC_WARN_UNDECLARED_SELECTOR = YES;
				GCC_WARN_UNINITIALIZED_AUTOS = YES_AGGRESSIVE;
				GCC_WARN_UNUSED_FUNCTION = YES;
				GCC_WARN_UNUSED_VARIABLE = YES;
				IPHONEOS_DEPLOYMENT_TARGET = 9.3;
				MTL_ENABLE_DEBUG_INFO = NO;
				SDKROOT = iphoneos;
				VALIDATE_PRODUCT = YES;
			};
			name = Release;
		};
		861DFE071D2714AF00941F66 /* Debug */ = {
			isa = XCBuildConfiguration;
			buildSettings = {
				ASSETCATALOG_COMPILER_APPICON_NAME = AppIcon;
				INFOPLIST_FILE = Matchismo/Info.plist;
				LD_RUNPATH_SEARCH_PATHS = "$(inherited) @executable_path/Frameworks";
				PRODUCT_BUNDLE_IDENTIFIER = com.horiajurcut.Matchismo;
				PRODUCT_NAME = "$(TARGET_NAME)";
			};
			name = Debug;
		};
		861DFE081D2714AF00941F66 /* Release */ = {
			isa = XCBuildConfiguration;
			buildSettings = {
				ASSETCATALOG_COMPILER_APPICON_NAME = AppIcon;
				INFOPLIST_FILE = Matchismo/Info.plist;
				LD_RUNPATH_SEARCH_PATHS = "$(inherited) @executable_path/Frameworks";
				PRODUCT_BUNDLE_IDENTIFIER = com.horiajurcut.Matchismo;
				PRODUCT_NAME = "$(TARGET_NAME)";
			};
			name = Release;
		};
/* End XCBuildConfiguration section */

/* Begin XCConfigurationList section */
		861DFDEA1D2714AF00941F66 /* Build configuration list for PBXProject "Matchismo" */ = {
			isa = XCConfigurationList;
			buildConfigurations = (
				861DFE041D2714AF00941F66 /* Debug */,
				861DFE051D2714AF00941F66 /* Release */,
			);
			defaultConfigurationIsVisible = 0;
			defaultConfigurationName = Release;
		};
		861DFE061D2714AF00941F66 /* Build configuration list for PBXNativeTarget "Matchismo" */ = {
			isa = XCConfigurationList;
			buildConfigurations = (
				861DFE071D2714AF00941F66 /* Debug */,
				861DFE081D2714AF00941F66 /* Release */,
			);
			defaultConfigurationIsVisible = 0;
			defaultConfigurationName = Release;
		};
/* End XCConfigurationList section */
	};
	rootObject = 861DFDE71D2714AF00941F66 /* Project object */;
}
